
Microsoft Visual Studio Solution File, Format Version 12.00
# Visual Studio Version 16
VisualStudioVersion = 16.0.29102.190
MinimumVisualStudioVersion = 10.0.40219.1
Project("{FAE04EC0-301F-11D3-BF4B-00C04F79EFBC}") = "ImageUpload", "ImageUpload\ImageUpload.csproj", "{3C292B26-C8A7-464C-A812-D50A9FC4CC48}"
EndProject
Project("{FAE04EC0-301F-11D3-BF4B-00C04F79EFBC}") = "UnitTest", "UnitTest\UnitTest.csproj", "{E9EDA24B-994B-418C-B300-4B137364F681}"
EndProject
Global
	GlobalSection(SolutionConfigurationPlatforms) = preSolution
		Debug|Any CPU = Debug|Any CPU
		Release|Any CPU = Release|Any CPU
	EndGlobalSection
	GlobalSection(ProjectConfigurationPlatforms) = postSolution
		{3C292B26-C8A7-464C-A812-D50A9FC4CC48}.Debug|Any CPU.ActiveCfg = Debug|Any CPU
		{3C292B26-C8A7-464C-A812-D50A9FC4CC48}.Debug|Any CPU.Build.0 = Debug|Any CPU
		{3C292B26-C8A7-464C-A812-D50A9FC4CC48}.Release|Any CPU.ActiveCfg = Release|Any CPU
		{3C292B26-C8A7-464C-A812-D50A9FC4CC48}.Release|Any CPU.Build.0 = Release|Any CPU
		{E9EDA24B-994B-418C-B300-4B137364F681}.Debug|Any CPU.ActiveCfg = Debug|Any CPU
		{E9EDA24B-994B-418C-B300-4B137364F681}.Debug|Any CPU.Build.0 = Debug|Any CPU
		{E9EDA24B-994B-418C-B300-4B137364F681}.Release|Any CPU.ActiveCfg = Release|Any CPU
		{E9EDA24B-994B-418C-B300-4B137364F681}.Release|Any CPU.Build.0 = Release|Any CPU
	EndGlobalSection
	GlobalSection(SolutionProperties) = preSolution
		HideSolutionNode = FALSE
	EndGlobalSection
	GlobalSection(ExtensibilityGlobals) = postSolution
		SolutionGuid = {2858E6CD-6376-422C-9A8C-EC841634ACB4}
	EndGlobalSection
EndGlobal
